// !$*UTF8*$!
{
	archiveVersion = 1;
	classes = {
	};
	objectVersion = 50;
	objects = {

/* Begin PBXBuildFile section */
		7A7866AB2246759B00C0B296 /* MessagesTableViewController.swift in Sources */ = {isa = PBXBuildFile; fileRef = 7A7866AA2246759B00C0B296 /* MessagesTableViewController.swift */; };
		7A8641FA223D81F20053C022 /* GoogleService-Info.plist in Resources */ = {isa = PBXBuildFile; fileRef = 7A8641F9223D81F20053C022 /* GoogleService-Info.plist */; };
		7A8641FC223D94230053C022 /* Api.swift in Sources */ = {isa = PBXBuildFile; fileRef = 7A8641FB223D94230053C022 /* Api.swift */; };
		7A8641FE223D94770053C022 /* UserApi.swift in Sources */ = {isa = PBXBuildFile; fileRef = 7A8641FD223D94770053C022 /* UserApi.swift */; };
		7A864200223D98330053C022 /* StorageService.swift in Sources */ = {isa = PBXBuildFile; fileRef = 7A8641FF223D98330053C022 /* StorageService.swift */; };
		7A864202223D9BED0053C022 /* Ref.swift in Sources */ = {isa = PBXBuildFile; fileRef = 7A864201223D9BED0053C022 /* Ref.swift */; };
		7A8ED5F821EA64A200E9EE73 /* AppDelegate.swift in Sources */ = {isa = PBXBuildFile; fileRef = 7A8ED5F721EA64A200E9EE73 /* AppDelegate.swift */; };
		7A8ED5FA21EA64A200E9EE73 /* ViewController.swift in Sources */ = {isa = PBXBuildFile; fileRef = 7A8ED5F921EA64A200E9EE73 /* ViewController.swift */; };
		7A8ED5FF21EA64A800E9EE73 /* Assets.xcassets in Resources */ = {isa = PBXBuildFile; fileRef = 7A8ED5FE21EA64A800E9EE73 /* Assets.xcassets */; };
		7A8ED60221EA64A800E9EE73 /* LaunchScreen.storyboard in Resources */ = {isa = PBXBuildFile; fileRef = 7A8ED60021EA64A800E9EE73 /* LaunchScreen.storyboard */; };
		7A8ED60A21EA64E200E9EE73 /* Welcome.storyboard in Resources */ = {isa = PBXBuildFile; fileRef = 7A8ED60921EA64E200E9EE73 /* Welcome.storyboard */; };
		7AB9232721EA7BB900C02CC1 /* ViewController+UI.swift in Sources */ = {isa = PBXBuildFile; fileRef = 7AB9232621EA7BB900C02CC1 /* ViewController+UI.swift */; };
		7AB9232921EA7E5400C02CC1 /* SignUpViewController.swift in Sources */ = {isa = PBXBuildFile; fileRef = 7AB9232821EA7E5400C02CC1 /* SignUpViewController.swift */; };
		7AB9232B21EA85B900C02CC1 /* SignUpViewController+UI.swift in Sources */ = {isa = PBXBuildFile; fileRef = 7AB9232A21EA85B900C02CC1 /* SignUpViewController+UI.swift */; };
		7AB9232D21EA8D1400C02CC1 /* SignInViewController.swift in Sources */ = {isa = PBXBuildFile; fileRef = 7AB9232C21EA8D1400C02CC1 /* SignInViewController.swift */; };
		7AB9232F21EA8E1700C02CC1 /* SignInViewController+UI.swift in Sources */ = {isa = PBXBuildFile; fileRef = 7AB9232E21EA8E1700C02CC1 /* SignInViewController+UI.swift */; };
		7AB9233121EBBEED00C02CC1 /* ForgotPasswordViewController.swift in Sources */ = {isa = PBXBuildFile; fileRef = 7AB9233021EBBEED00C02CC1 /* ForgotPasswordViewController.swift */; };
		7AB9233321EBBEFD00C02CC1 /* ForgotPasswordViewController+UI.swift in Sources */ = {isa = PBXBuildFile; fileRef = 7AB9233221EBBEFD00C02CC1 /* ForgotPasswordViewController+UI.swift */; };
		D77F8A698652525FA495EE83 /* Pods_Jchat.framework in Frameworks */ = {isa = PBXBuildFile; fileRef = 973A4A00D4070ACF46F7E255 /* Pods_Jchat.framework */; };
/* End PBXBuildFile section */

/* Begin PBXFileReference section */
		27F347EF66CFC01937BCC241 /* Pods-Jchat.release.xcconfig */ = {isa = PBXFileReference; includeInIndex = 1; lastKnownFileType = text.xcconfig; name = "Pods-Jchat.release.xcconfig"; path = "Target Support Files/Pods-Jchat/Pods-Jchat.release.xcconfig"; sourceTree = "<group>"; };
		7A7866AA2246759B00C0B296 /* MessagesTableViewController.swift */ = {isa = PBXFileReference; lastKnownFileType = sourcecode.swift; path = MessagesTableViewController.swift; sourceTree = "<group>"; };
		7A8641F9223D81F20053C022 /* GoogleService-Info.plist */ = {isa = PBXFileReference; fileEncoding = 4; lastKnownFileType = text.plist.xml; path = "GoogleService-Info.plist"; sourceTree = "<group>"; };
		7A8641FB223D94230053C022 /* Api.swift */ = {isa = PBXFileReference; lastKnownFileType = sourcecode.swift; path = Api.swift; sourceTree = "<group>"; };
		7A8641FD223D94770053C022 /* UserApi.swift */ = {isa = PBXFileReference; lastKnownFileType = sourcecode.swift; path = UserApi.swift; sourceTree = "<group>"; };
		7A8641FF223D98330053C022 /* StorageService.swift */ = {isa = PBXFileReference; lastKnownFileType = sourcecode.swift; path = StorageService.swift; sourceTree = "<group>"; };
		7A864201223D9BED0053C022 /* Ref.swift */ = {isa = PBXFileReference; lastKnownFileType = sourcecode.swift; path = Ref.swift; sourceTree = "<group>"; };
		7A8ED5F421EA64A200E9EE73 /* Jchat.app */ = {isa = PBXFileReference; explicitFileType = wrapper.application; includeInIndex = 0; path = Jchat.app; sourceTree = BUILT_PRODUCTS_DIR; };
		7A8ED5F721EA64A200E9EE73 /* AppDelegate.swift */ = {isa = PBXFileReference; lastKnownFileType = sourcecode.swift; path = AppDelegate.swift; sourceTree = "<group>"; };
		7A8ED5F921EA64A200E9EE73 /* ViewController.swift */ = {isa = PBXFileReference; lastKnownFileType = sourcecode.swift; path = ViewController.swift; sourceTree = "<group>"; };
		7A8ED5FE21EA64A800E9EE73 /* Assets.xcassets */ = {isa = PBXFileReference; lastKnownFileType = folder.assetcatalog; path = Assets.xcassets; sourceTree = "<group>"; };
		7A8ED60121EA64A800E9EE73 /* Base */ = {isa = PBXFileReference; lastKnownFileType = file.storyboard; name = Base; path = Base.lproj/LaunchScreen.storyboard; sourceTree = "<group>"; };
		7A8ED60321EA64A800E9EE73 /* Info.plist */ = {isa = PBXFileReference; lastKnownFileType = text.plist.xml; path = Info.plist; sourceTree = "<group>"; };
		7A8ED60921EA64E200E9EE73 /* Welcome.storyboard */ = {isa = PBXFileReference; lastKnownFileType = file.storyboard; path = Welcome.storyboard; sourceTree = "<group>"; };
		7AB9232621EA7BB900C02CC1 /* ViewController+UI.swift */ = {isa = PBXFileReference; lastKnownFileType = sourcecode.swift; path = "ViewController+UI.swift"; sourceTree = "<group>"; };
		7AB9232821EA7E5400C02CC1 /* SignUpViewController.swift */ = {isa = PBXFileReference; lastKnownFileType = sourcecode.swift; path = SignUpViewController.swift; sourceTree = "<group>"; };
		7AB9232A21EA85B900C02CC1 /* SignUpViewController+UI.swift */ = {isa = PBXFileReference; lastKnownFileType = sourcecode.swift; path = "SignUpViewController+UI.swift"; sourceTree = "<group>"; };
		7AB9232C21EA8D1400C02CC1 /* SignInViewController.swift */ = {isa = PBXFileReference; lastKnownFileType = sourcecode.swift; path = SignInViewController.swift; sourceTree = "<group>"; };
		7AB9232E21EA8E1700C02CC1 /* SignInViewController+UI.swift */ = {isa = PBXFileReference; lastKnownFileType = sourcecode.swift; path = "SignInViewController+UI.swift"; sourceTree = "<group>"; };
		7AB9233021EBBEED00C02CC1 /* ForgotPasswordViewController.swift */ = {isa = PBXFileReference; lastKnownFileType = sourcecode.swift; path = ForgotPasswordViewController.swift; sourceTree = "<group>"; };
		7AB9233221EBBEFD00C02CC1 /* ForgotPasswordViewController+UI.swift */ = {isa = PBXFileReference; lastKnownFileType = sourcecode.swift; path = "ForgotPasswordViewController+UI.swift"; sourceTree = "<group>"; };
		973A4A00D4070ACF46F7E255 /* Pods_Jchat.framework */ = {isa = PBXFileReference; explicitFileType = wrapper.framework; includeInIndex = 0; path = Pods_Jchat.framework; sourceTree = BUILT_PRODUCTS_DIR; };
		CA8E6556F44F1D048EDE7874 /* Pods-Jchat.debug.xcconfig */ = {isa = PBXFileReference; includeInIndex = 1; lastKnownFileType = text.xcconfig; name = "Pods-Jchat.debug.xcconfig"; path = "Target Support Files/Pods-Jchat/Pods-Jchat.debug.xcconfig"; sourceTree = "<group>"; };
/* End PBXFileReference section */

/* Begin PBXFrameworksBuildPhase section */
		7A8ED5F121EA64A200E9EE73 /* Frameworks */ = {
			isa = PBXFrameworksBuildPhase;
			buildActionMask = 2147483647;
			files = (
				D77F8A698652525FA495EE83 /* Pods_Jchat.framework in Frameworks */,
			);
			runOnlyForDeploymentPostprocessing = 0;
		};
/* End PBXFrameworksBuildPhase section */

/* Begin PBXGroup section */
		7A8ED5EB21EA64A200E9EE73 = {
			isa = PBXGroup;
			children = (
				7A8ED5F621EA64A200E9EE73 /* Jchat */,
				7A8ED5F521EA64A200E9EE73 /* Products */,
				B402C667BB6CB48363C23C5F /* Pods */,
				AB9BDBBF75C6C45506B8A73F /* Frameworks */,
			);
			sourceTree = "<group>";
		};
		7A8ED5F521EA64A200E9EE73 /* Products */ = {
			isa = PBXGroup;
			children = (
				7A8ED5F421EA64A200E9EE73 /* Jchat.app */,
			);
			name = Products;
			sourceTree = "<group>";
		};
		7A8ED5F621EA64A200E9EE73 /* Jchat */ = {
			isa = PBXGroup;
			children = (
				7A8ED5F721EA64A200E9EE73 /* AppDelegate.swift */,
				7A8ED5F921EA64A200E9EE73 /* ViewController.swift */,
				7AB9232621EA7BB900C02CC1 /* ViewController+UI.swift */,
				7AB9232821EA7E5400C02CC1 /* SignUpViewController.swift */,
				7AB9232A21EA85B900C02CC1 /* SignUpViewController+UI.swift */,
				7AB9232C21EA8D1400C02CC1 /* SignInViewController.swift */,
				7AB9232E21EA8E1700C02CC1 /* SignInViewController+UI.swift */,
				7AB9233021EBBEED00C02CC1 /* ForgotPasswordViewController.swift */,
				7AB9233221EBBEFD00C02CC1 /* ForgotPasswordViewController+UI.swift */,
				7A7866AA2246759B00C0B296 /* MessagesTableViewController.swift */,
				7A8641FB223D94230053C022 /* Api.swift */,
				7A8641FD223D94770053C022 /* UserApi.swift */,
				7A8641FF223D98330053C022 /* StorageService.swift */,
				7A864201223D9BED0053C022 /* Ref.swift */,
				7A8ED60921EA64E200E9EE73 /* Welcome.storyboard */,
				7A8ED5FE21EA64A800E9EE73 /* Assets.xcassets */,
				7A8ED60021EA64A800E9EE73 /* LaunchScreen.storyboard */,
				7A8ED60321EA64A800E9EE73 /* Info.plist */,
				7A8641F9223D81F20053C022 /* GoogleService-Info.plist */,
			);
			path = Jchat;
			sourceTree = "<group>";
		};
		AB9BDBBF75C6C45506B8A73F /* Frameworks */ = {
			isa = PBXGroup;
			children = (
				973A4A00D4070ACF46F7E255 /* Pods_Jchat.framework */,
			);
			name = Frameworks;
			sourceTree = "<group>";
		};
		B402C667BB6CB48363C23C5F /* Pods */ = {
			isa = PBXGroup;
			children = (
				CA8E6556F44F1D048EDE7874 /* Pods-Jchat.debug.xcconfig */,
				27F347EF66CFC01937BCC241 /* Pods-Jchat.release.xcconfig */,
			);
			path = Pods;
			sourceTree = "<group>";
		};
/* End PBXGroup section */

/* Begin PBXNativeTarget section */
		7A8ED5F321EA64A200E9EE73 /* Jchat */ = {
			isa = PBXNativeTarget;
			buildConfigurationList = 7A8ED60621EA64A800E9EE73 /* Build configuration list for PBXNativeTarget "Jchat" */;
			buildPhases = (
				C55ABB94C0324C37B0AF8AB5 /* [CP] Check Pods Manifest.lock */,
				7A8ED5F021EA64A200E9EE73 /* Sources */,
				7A8ED5F121EA64A200E9EE73 /* Frameworks */,
				7A8ED5F221EA64A200E9EE73 /* Resources */,
				5278EA6D407207D4A70BBD9B /* [CP] Embed Pods Frameworks */,
			);
			buildRules = (
			);
			dependencies = (
			);
			name = Jchat;
			productName = Jchat;
			productReference = 7A8ED5F421EA64A200E9EE73 /* Jchat.app */;
			productType = "com.apple.product-type.application";
		};
/* End PBXNativeTarget section */

/* Begin PBXProject section */
		7A8ED5EC21EA64A200E9EE73 /* Project object */ = {
			isa = PBXProject;
			attributes = {
				LastSwiftUpdateCheck = 1010;
				LastUpgradeCheck = 1010;
				ORGANIZATIONNAME = "Nelson Gonzalez";
				TargetAttributes = {
					7A8ED5F321EA64A200E9EE73 = {
						CreatedOnToolsVersion = 10.1;
					};
				};
			};
			buildConfigurationList = 7A8ED5EF21EA64A200E9EE73 /* Build configuration list for PBXProject "Jchat" */;
			compatibilityVersion = "Xcode 9.3";
			developmentRegion = en;
			hasScannedForEncodings = 0;
			knownRegions = (
				en,
				Base,
			);
			mainGroup = 7A8ED5EB21EA64A200E9EE73;
			productRefGroup = 7A8ED5F521EA64A200E9EE73 /* Products */;
			projectDirPath = "";
			projectRoot = "";
			targets = (
				7A8ED5F321EA64A200E9EE73 /* Jchat */,
			);
		};
/* End PBXProject section */

/* Begin PBXResourcesBuildPhase section */
		7A8ED5F221EA64A200E9EE73 /* Resources */ = {
			isa = PBXResourcesBuildPhase;
			buildActionMask = 2147483647;
			files = (
				7A8ED60221EA64A800E9EE73 /* LaunchScreen.storyboard in Resources */,
				7A8ED60A21EA64E200E9EE73 /* Welcome.storyboard in Resources */,
				7A8641FA223D81F20053C022 /* GoogleService-Info.plist in Resources */,
				7A8ED5FF21EA64A800E9EE73 /* Assets.xcassets in Resources */,
			);
			runOnlyForDeploymentPostprocessing = 0;
		};
/* End PBXResourcesBuildPhase section */

/* Begin PBXShellScriptBuildPhase section */
		5278EA6D407207D4A70BBD9B /* [CP] Embed Pods Frameworks */ = {
			isa = PBXShellScriptBuildPhase;
			buildActionMask = 2147483647;
			files = (
			);
			inputFileListPaths = (
			);
			inputPaths = (
				"${PODS_ROOT}/Target Support Files/Pods-Jchat/Pods-Jchat-frameworks.sh",
				"${BUILT_PRODUCTS_DIR}/GTMSessionFetcher/GTMSessionFetcher.framework",
				"${BUILT_PRODUCTS_DIR}/GoogleUtilities/GoogleUtilities.framework",
				"${BUILT_PRODUCTS_DIR}/ProgressHUD/ProgressHUD.framework",
				"${BUILT_PRODUCTS_DIR}/leveldb-library/leveldb.framework",
				"${BUILT_PRODUCTS_DIR}/nanopb/nanopb.framework",
			);
			name = "[CP] Embed Pods Frameworks";
			outputFileListPaths = (
			);
			outputPaths = (
				"${TARGET_BUILD_DIR}/${FRAMEWORKS_FOLDER_PATH}/GTMSessionFetcher.framework",
				"${TARGET_BUILD_DIR}/${FRAMEWORKS_FOLDER_PATH}/GoogleUtilities.framework",
				"${TARGET_BUILD_DIR}/${FRAMEWORKS_FOLDER_PATH}/ProgressHUD.framework",
				"${TARGET_BUILD_DIR}/${FRAMEWORKS_FOLDER_PATH}/leveldb.framework",
				"${TARGET_BUILD_DIR}/${FRAMEWORKS_FOLDER_PATH}/nanopb.framework",
			);
			runOnlyForDeploymentPostprocessing = 0;
			shellPath = /bin/sh;
			shellScript = "\"${PODS_ROOT}/Target Support Files/Pods-Jchat/Pods-Jchat-frameworks.sh\"\n";
			showEnvVarsInLog = 0;
		};
		C55ABB94C0324C37B0AF8AB5 /* [CP] Check Pods Manifest.lock */ = {
			isa = PBXShellScriptBuildPhase;
			buildActionMask = 2147483647;
			files = (
			);
			inputFileListPaths = (
			);
			inputPaths = (
				"${PODS_PODFILE_DIR_PATH}/Podfile.lock",
				"${PODS_ROOT}/Manifest.lock",
			);
			name = "[CP] Check Pods Manifest.lock";
			outputFileListPaths = (
			);
			outputPaths = (
				"$(DERIVED_FILE_DIR)/Pods-Jchat-checkManifestLockResult.txt",
			);
			runOnlyForDeploymentPostprocessing = 0;
			shellPath = /bin/sh;
			shellScript = "diff \"${PODS_PODFILE_DIR_PATH}/Podfile.lock\" \"${PODS_ROOT}/Manifest.lock\" > /dev/null\nif [ $? != 0 ] ; then\n    # print error to STDERR\n    echo \"error: The sandbox is not in sync with the Podfile.lock. Run 'pod install' or update your CocoaPods installation.\" >&2\n    exit 1\nfi\n# This output is used by Xcode 'outputs' to avoid re-running this script phase.\necho \"SUCCESS\" > \"${SCRIPT_OUTPUT_FILE_0}\"\n";
			showEnvVarsInLog = 0;
		};
/* End PBXShellScriptBuildPhase section */

/* Begin PBXSourcesBuildPhase section */
		7A8ED5F021EA64A200E9EE73 /* Sources */ = {
			isa = PBXSourcesBuildPhase;
			buildActionMask = 2147483647;
			files = (
				7AB9233121EBBEED00C02CC1 /* ForgotPasswordViewController.swift in Sources */,
				7A864200223D98330053C022 /* StorageService.swift in Sources */,
				7AB9232721EA7BB900C02CC1 /* ViewController+UI.swift in Sources */,
				7AB9232F21EA8E1700C02CC1 /* SignInViewController+UI.swift in Sources */,
				7A8ED5FA21EA64A200E9EE73 /* ViewController.swift in Sources */,
				7AB9233321EBBEFD00C02CC1 /* ForgotPasswordViewController+UI.swift in Sources */,
				7A864202223D9BED0053C022 /* Ref.swift in Sources */,
				7AB9232D21EA8D1400C02CC1 /* SignInViewController.swift in Sources */,
				7AB9232921EA7E5400C02CC1 /* SignUpViewController.swift in Sources */,
				7A7866AB2246759B00C0B296 /* MessagesTableViewController.swift in Sources */,
				7A8ED5F821EA64A200E9EE73 /* AppDelegate.swift in Sources */,
				7A8641FC223D94230053C022 /* Api.swift in Sources */,
				7AB9232B21EA85B900C02CC1 /* SignUpViewController+UI.swift in Sources */,
				7A8641FE223D94770053C022 /* UserApi.swift in Sources */,
			);
			runOnlyForDeploymentPostprocessing = 0;
		};
/* End PBXSourcesBuildPhase section */

/* Begin PBXVariantGroup section */
		7A8ED60021EA64A800E9EE73 /* LaunchScreen.storyboard */ = {
			isa = PBXVariantGroup;
			children = (
				7A8ED60121EA64A800E9EE73 /* Base */,
			);
			name = LaunchScreen.storyboard;
			sourceTree = "<group>";
		};
/* End PBXVariantGroup section */

/* Begin XCBuildConfiguration section */
		7A8ED60421EA64A800E9EE73 /* Debug */ = {
			isa = XCBuildConfiguration;
			buildSettings = {
				ALWAYS_SEARCH_USER_PATHS = NO;
				CLANG_ANALYZER_NONNULL = YES;
				CLANG_ANALYZER_NUMBER_OBJECT_CONVERSION = YES_AGGRESSIVE;
				CLANG_CXX_LANGUAGE_STANDARD = "gnu++14";
				CLANG_CXX_LIBRARY = "libc++";
				CLANG_ENABLE_MODULES = YES;
				CLANG_ENABLE_OBJC_ARC = YES;
				CLANG_ENABLE_OBJC_WEAK = YES;
				CLANG_WARN_BLOCK_CAPTURE_AUTORELEASING = YES;
				CLANG_WARN_BOOL_CONVERSION = YES;
				CLANG_WARN_COMMA = YES;
				CLANG_WARN_CONSTANT_CONVERSION = YES;
				CLANG_WARN_DEPRECATED_OBJC_IMPLEMENTATIONS = YES;
				CLANG_WARN_DIRECT_OBJC_ISA_USAGE = YES_ERROR;
				CLANG_WARN_DOCUMENTATION_COMMENTS = YES;
				CLANG_WARN_EMPTY_BODY = YES;
				CLANG_WARN_ENUM_CONVERSION = YES;
				CLANG_WARN_INFINITE_RECURSION = YES;
				CLANG_WARN_INT_CONVERSION = YES;
				CLANG_WARN_NON_LITERAL_NULL_CONVERSION = YES;
				CLANG_WARN_OBJC_IMPLICIT_RETAIN_SELF = YES;
				CLANG_WARN_OBJC_LITERAL_CONVERSION = YES;
				CLANG_WARN_OBJC_ROOT_CLASS = YES_ERROR;
				CLANG_WARN_RANGE_LOOP_ANALYSIS = YES;
				CLANG_WARN_STRICT_PROTOTYPES = YES;
				CLANG_WARN_SUSPICIOUS_MOVE = YES;
				CLANG_WARN_UNGUARDED_AVAILABILITY = YES_AGGRESSIVE;
				CLANG_WARN_UNREACHABLE_CODE = YES;
				CLANG_WARN__DUPLICATE_METHOD_MATCH = YES;
				CODE_SIGN_IDENTITY = "iPhone Developer";
				COPY_PHASE_STRIP = NO;
				DEBUG_INFORMATION_FORMAT = dwarf;
				ENABLE_STRICT_OBJC_MSGSEND = YES;
				ENABLE_TESTABILITY = YES;
				GCC_C_LANGUAGE_STANDARD = gnu11;
				GCC_DYNAMIC_NO_PIC = NO;
				GCC_NO_COMMON_BLOCKS = YES;
				GCC_OPTIMIZATION_LEVEL = 0;
				GCC_PREPROCESSOR_DEFINITIONS = (
					"DEBUG=1",
					"$(inherited)",
				);
				GCC_WARN_64_TO_32_BIT_CONVERSION = YES;
				GCC_WARN_ABOUT_RETURN_TYPE = YES_ERROR;
				GCC_WARN_UNDECLARED_SELECTOR = YES;
				GCC_WARN_UNINITIALIZED_AUTOS = YES_AGGRESSIVE;
				GCC_WARN_UNUSED_FUNCTION = YES;
				GCC_WARN_UNUSED_VARIABLE = YES;
				IPHONEOS_DEPLOYMENT_TARGET = 12.1;
				MTL_ENABLE_DEBUG_INFO = INCLUDE_SOURCE;
				MTL_FAST_MATH = YES;
				ONLY_ACTIVE_ARCH = YES;
				SDKROOT = iphoneos;
				SWIFT_ACTIVE_COMPILATION_CONDITIONS = DEBUG;
				SWIFT_OPTIMIZATION_LEVEL = "-Onone";
			};
			name = Debug;
		};
		7A8ED60521EA64A800E9EE73 /* Release */ = {
			isa = XCBuildConfiguration;
			buildSettings = {
				ALWAYS_SEARCH_USER_PATHS = NO;
				CLANG_ANALYZER_NONNULL = YES;
				CLANG_ANALYZER_NUMBER_OBJECT_CONVERSION = YES_AGGRESSIVE;
				CLANG_CXX_LANGUAGE_STANDARD = "gnu++14";
				CLANG_CXX_LIBRARY = "libc++";
				CLANG_ENABLE_MODULES = YES;
				CLANG_ENABLE_OBJC_ARC = YES;
				CLANG_ENABLE_OBJC_WEAK = YES;
				CLANG_WARN_BLOCK_CAPTURE_AUTORELEASING = YES;
				CLANG_WARN_BOOL_CONVERSION = YES;
				CLANG_WARN_COMMA = YES;
				CLANG_WARN_CONSTANT_CONVERSION = YES;
				CLANG_WARN_DEPRECATED_OBJC_IMPLEMENTATIONS = YES;
				CLANG_WARN_DIRECT_OBJC_ISA_USAGE = YES_ERROR;
				CLANG_WARN_DOCUMENTATION_COMMENTS = YES;
				CLANG_WARN_EMPTY_BODY = YES;
				CLANG_WARN_ENUM_CONVERSION = YES;
				CLANG_WARN_INFINITE_RECURSION = YES;
				CLANG_WARN_INT_CONVERSION = YES;
				CLANG_WARN_NON_LITERAL_NULL_CONVERSION = YES;
				CLANG_WARN_OBJC_IMPLICIT_RETAIN_SELF = YES;
				CLANG_WARN_OBJC_LITERAL_CONVERSION = YES;
				CLANG_WARN_OBJC_ROOT_CLASS = YES_ERROR;
				CLANG_WARN_RANGE_LOOP_ANALYSIS = YES;
				CLANG_WARN_STRICT_PROTOTYPES = YES;
				CLANG_WARN_SUSPICIOUS_MOVE = YES;
				CLANG_WARN_UNGUARDED_AVAILABILITY = YES_AGGRESSIVE;
				CLANG_WARN_UNREACHABLE_CODE = YES;
				CLANG_WARN__DUPLICATE_METHOD_MATCH = YES;
				CODE_SIGN_IDENTITY = "iPhone Developer";
				COPY_PHASE_STRIP = NO;
				DEBUG_INFORMATION_FORMAT = "dwarf-with-dsym";
				ENABLE_NS_ASSERTIONS = NO;
				ENABLE_STRICT_OBJC_MSGSEND = YES;
				GCC_C_LANGUAGE_STANDARD = gnu11;
				GCC_NO_COMMON_BLOCKS = YES;
				GCC_WARN_64_TO_32_BIT_CONVERSION = YES;
				GCC_WARN_ABOUT_RETURN_TYPE = YES_ERROR;
				GCC_WARN_UNDECLARED_SELECTOR = YES;
				GCC_WARN_UNINITIALIZED_AUTOS = YES_AGGRESSIVE;
				GCC_WARN_UNUSED_FUNCTION = YES;
				GCC_WARN_UNUSED_VARIABLE = YES;
				IPHONEOS_DEPLOYMENT_TARGET = 12.1;
				MTL_ENABLE_DEBUG_INFO = NO;
				MTL_FAST_MATH = YES;
				SDKROOT = iphoneos;
				SWIFT_COMPILATION_MODE = wholemodule;
				SWIFT_OPTIMIZATION_LEVEL = "-O";
				VALIDATE_PRODUCT = YES;
			};
			name = Release;
		};
		7A8ED60721EA64A800E9EE73 /* Debug */ = {
			isa = XCBuildConfiguration;
			baseConfigurationReference = CA8E6556F44F1D048EDE7874 /* Pods-Jchat.debug.xcconfig */;
			buildSettings = {
				ASSETCATALOG_COMPILER_APPICON_NAME = AppIcon;
				CODE_SIGN_STYLE = Automatic;
				DEVELOPMENT_TEAM = ZD9LN99SX6;
				INFOPLIST_FILE = Jchat/Info.plist;
				LD_RUNPATH_SEARCH_PATHS = (
					"$(inherited)",
					"@executable_path/Frameworks",
				);
				PRODUCT_BUNDLE_IDENTIFIER = com.nelsongonzalez.Jchat;
				PRODUCT_NAME = "$(TARGET_NAME)";
				SWIFT_VERSION = 4.2;
				TARGETED_DEVICE_FAMILY = "1,2";
			};
			name = Debug;
		};
		7A8ED60821EA64A800E9EE73 /* Release */ = {
			isa = XCBuildConfiguration;
			baseConfigurationReference = 27F347EF66CFC01937BCC241 /* Pods-Jchat.release.xcconfig */;
			buildSettings = {
				ASSETCATALOG_COMPILER_APPICON_NAME = AppIcon;
				CODE_SIGN_STYLE = Automatic;
				DEVELOPMENT_TEAM = ZD9LN99SX6;
				INFOPLIST_FILE = Jchat/Info.plist;
				LD_RUNPATH_SEARCH_PATHS = (
					"$(inherited)",
					"@executable_path/Frameworks",
				);
				PRODUCT_BUNDLE_IDENTIFIER = com.nelsongonzalez.Jchat;
				PRODUCT_NAME = "$(TARGET_NAME)";
				SWIFT_VERSION = 4.2;
				TARGETED_DEVICE_FAMILY = "1,2";
			};
			name = Release;
		};
/* End XCBuildConfiguration section */

/* Begin XCConfigurationList section */
		7A8ED5EF21EA64A200E9EE73 /* Build configuration list for PBXProject "Jchat" */ = {
			isa = XCConfigurationList;
			buildConfigurations = (
				7A8ED60421EA64A800E9EE73 /* Debug */,
				7A8ED60521EA64A800E9EE73 /* Release */,
			);
			defaultConfigurationIsVisible = 0;
			defaultConfigurationName = Release;
		};
		7A8ED60621EA64A800E9EE73 /* Build configuration list for PBXNativeTarget "Jchat" */ = {
			isa = XCConfigurationList;
			buildConfigurations = (
				7A8ED60721EA64A800E9EE73 /* Debug */,
				7A8ED60821EA64A800E9EE73 /* Release */,
			);
			defaultConfigurationIsVisible = 0;
			defaultConfigurationName = Release;
		};
/* End XCConfigurationList section */
	};
	rootObject = 7A8ED5EC21EA64A200E9EE73 /* Project object */;
}
